{
  "name": "monitoring-node-utils",
  "version": "1.0.0",
  "lockfileVersion": 1,
  "requires": true,
  "dependencies": {
    "@mapbox/geojson-merge": {
      "version": "1.0.2",
      "resolved": "https://registry.npmjs.org/@mapbox/geojson-merge/-/geojson-merge-1.0.2.tgz",
      "integrity": "sha1-YmBHn00xBJ2FZMPpbT36zeiC2xE=",
      "requires": {
        "geojson-fixtures": "0.1.0",
        "geojson-normalize": "0.0.0",
        "geojson-stream": "0.0.1",
        "minimist": "1.2.0",
        "stream-concat": "0.1.0",
        "tape": "2.13.4"
      }
    },
    "JSONStream": {
      "version": "1.3.2",
      "resolved": "https://registry.npmjs.org/JSONStream/-/JSONStream-1.3.2.tgz",
      "integrity": "sha1-wQI3G27Dp887hHygDCC7D85Mbeo=",
      "requires": {
        "jsonparse": "1.3.1",
        "through": "2.3.8"
      }
    },
    "deep-equal": {
      "version": "0.2.2",
      "resolved": "https://registry.npmjs.org/deep-equal/-/deep-equal-0.2.2.tgz",
      "integrity": "sha1-hLdFiW80xoTpjyzg5Cq69Du6AX0="
    },
    "defined": {
      "version": "0.0.0",
      "resolved": "https://registry.npmjs.org/defined/-/defined-0.0.0.tgz",
      "integrity": "sha1-817qfXBekzuvE7LwOz+D2SFAOz4="
    },
    "geojson-fixtures": {
      "version": "0.1.0",
      "resolved": "https://registry.npmjs.org/geojson-fixtures/-/geojson-fixtures-0.1.0.tgz",
      "integrity": "sha1-lopykz8DY4039QcybwNg/yf+Tig="
    },
    "geojson-normalize": {
      "version": "0.0.0",
      "resolved": "https://registry.npmjs.org/geojson-normalize/-/geojson-normalize-0.0.0.tgz",
      "integrity": "sha1-Lbw2eM0bMbgXnodr2nDNEg3eNcA="
    },
    "geojson-stream": {
      "version": "0.0.1",
      "resolved": "https://registry.npmjs.org/geojson-stream/-/geojson-stream-0.0.1.tgz",
      "integrity": "sha1-Gh1hcWcEHHMCpFRwMYFkaZdhUC8=",
      "requires": {
        "JSONStream": "1.3.2",
        "through": "2.3.8"
      }
    },
    "glob": {
      "version": "3.2.11",
      "resolved": "https://registry.npmjs.org/glob/-/glob-3.2.11.tgz",
      "integrity": "sha1-Spc/Y1uRkPcV0QmH1cAP0oFevj0=",
      "requires": {
        "inherits": "2.0.3",
        "minimatch": "0.3.0"
      }
    },
    "inherits": {
      "version": "2.0.3",
      "resolved": "https://registry.npmjs.org/inherits/-/inherits-2.0.3.tgz",
      "integrity": "sha1-Yzwsg+PaQqUC9SRmAiSA9CCCYd4="
    },
    "jsonparse": {
      "version": "1.3.1",
      "resolved": "https://registry.npmjs.org/jsonparse/-/jsonparse-1.3.1.tgz",
      "integrity": "sha1-P02uSpH6wxX3EGL4UhzCOfE2YoA="
    },
    "lru-cache": {
      "version": "2.7.3",
      "resolved": "https://registry.npmjs.org/lru-cache/-/lru-cache-2.7.3.tgz",
      "integrity": "sha1-bUUk6LlV+V1PW1iFHOId1y+06VI="
    },
    "minimatch": {
      "version": "0.3.0",
      "resolved": "https://registry.npmjs.org/minimatch/-/minimatch-0.3.0.tgz",
      "integrity": "sha1-J12O2qxPG7MyZHIInnlJyDlGmd0=",
      "requires": {
        "lru-cache": "2.7.3",
        "sigmund": "1.0.1"
      }
    },
    "minimist": {
      "version": "1.2.0",
      "resolved": "https://registry.npmjs.org/minimist/-/minimist-1.2.0.tgz",
      "integrity": "sha1-o1AIsg9BOD7sH7kU9M1d95omQoQ="
    },
    "object-inspect": {
      "version": "0.4.0",
      "resolved": "https://registry.npmjs.org/object-inspect/-/object-inspect-0.4.0.tgz",
      "integrity": "sha1-9RV8EWwUVbJDsG7pdwM5LFrYn+w="
    },
    "resumer": {
      "version": "0.0.0",
      "resolved": "https://registry.npmjs.org/resumer/-/resumer-0.0.0.tgz",
      "integrity": "sha1-8ej0YeQGS6Oegq883CqMiT0HZ1k=",
      "requires": {
        "through": "2.3.8"
      }
    },
    "sigmund": {
      "version": "1.0.1",
      "resolved": "https://registry.npmjs.org/sigmund/-/sigmund-1.0.1.tgz",
      "integrity": "sha1-P/IfGYytIXX587eBhT/ZTQ0ZtZA="
    },
    "stream-concat": {
      "version": "0.1.0",
      "resolved": "https://registry.npmjs.org/stream-concat/-/stream-concat-0.1.0.tgz",
      "integrity": "sha1-Ii7xZNBz+ZwTa5SRvLiuK7dXe7s="
    },
    "tape": {
      "version": "2.13.4",
      "resolved": "https://registry.npmjs.org/tape/-/tape-2.13.4.tgz",
      "integrity": "sha1-Wk0nKgKeq0qZJr9KbWBqdzQ+xJA=",
      "requires": {
        "deep-equal": "0.2.2",
        "defined": "0.0.0",
        "glob": "3.2.11",
        "inherits": "2.0.3",
        "object-inspect": "0.4.0",
        "resumer": "0.0.0",
        "through": "2.3.8"
      }
    },
    "through": {
      "version": "2.3.8",
      "resolved": "https://registry.npmjs.org/through/-/through-2.3.8.tgz",
      "integrity": "sha1-DdTJ/6q8NXlgsbckEV1+Doai4fU="
    }
  }
}
